{
  "schema_version": 4,
  "warden_version": "1.2.0",
  "server": {
    "command": "npx",
    "args": [
      "-y",
      "@modelcontextprotocol/server-memory@2026.1.26"
    ],
    "url": null,
    "command_digest": "sha256:586e40c1ab55ec9c6c0a471e55753aae13181a3d543d7c3af7f4fda5875b010a"
  },
  "tools": [
    {
      "name": "add_observations",
      "description_hash": "sha256:ff2fb5d38c2442cc2f1eb423b633d93c034141f318cf3f4cfdf5a9cad184c5cc",
      "input_schema_hash": "sha256:73c9d2bfd98581b3be93976c78e44389209f2f9ec63e8652fd9e84795616842b",
      "capabilities": [],
      "schema_skeleton": {
        "props": {
          "$root": {
            "type": [
              "object"
            ],
            "required": false,
            "enum": null,
            "constraints": {
              "additionalProperties": true
            }
          },
          "observations": {
            "type": [
              "array"
            ],
            "required": true,
            "enum": null,
            "constraints": {
              "additionalProperties": true
            }
          },
          "observations[]": {
            "type": [
              "object"
            ],
            "required": false,
            "enum": null,
            "constraints": {
              "additionalProperties": true
            }
          },
          "observations[].contents": {
            "type": [
              "array"
            ],
            "required": true,
            "enum": null,
            "constraints": {
              "additionalProperties": true
            }
          },
          "observations[].contents[]": {
            "type": [
              "string"
            ],
            "required": false,
            "enum": null,
            "constraints": {
              "additionalProperties": true
            }
          },
          "observations[].entityName": {
            "type": [
              "string"
            ],
            "required": true,
            "enum": null,
            "constraints": {
              "additionalProperties": true
            }
          }
        }
      },
      "annotations_hash": "sha256:74234e98afe7498fb5daf1f36ac2d78acc339464f950703b8c019892f982b90b",
      "output_schema_hash": "sha256:c0a91d3961f360b126a83ba1e51ecb9bfe45d3b9f1e5105fc441b655575e8d60",
      "output_schema_skeleton": {
        "props": {
          "$root": {
            "type": [
              "object"
            ],
            "required": false,
            "enum": null,
            "constraints": {
              "additionalProperties": false
            }
          },
          "results": {
            "type": [
              "array"
            ],
            "required": true,
            "enum": null,
            "constraints": {
              "additionalProperties": true
            }
          },
          "results[]": {
            "type": [
              "object"
            ],
            "required": false,
            "enum": null,
            "constraints": {
              "additionalProperties": false
            }
          },
          "results[].addedObservations": {
            "type": [
              "array"
            ],
            "required": true,
            "enum": null,
            "constraints": {
              "additionalProperties": true
            }
          },
          "results[].addedObservations[]": {
            "type": [
              "string"
            ],
            "required": false,
            "enum": null,
            "constraints": {
              "additionalProperties": true
            }
          },
          "results[].entityName": {
            "type": [
              "string"
            ],
            "required": true,
            "enum": null,
            "constraints": {
              "additionalProperties": true
            }
          }
        }
      },
      "entry_digest": "sha256:b39d41b7225375035e5744916253e4df4d244ddc30f902493fa65745b40821bc"
    },
    {
      "name": "create_entities",
      "description_hash": "sha256:502640e4817eba2b7025203b2ee63924bf57792d29a21f9403618227bb6a5d65",
      "input_schema_hash": "sha256:c54813f3fc7a076c950320c90489cec6add7482d695e23e43f2b30b8f2b9f083",
      "capabilities": [],
      "schema_skeleton": {
        "props": {
          "$root": {
            "type": [
              "object"
            ],
            "required": false,
            "enum": null,
            "constraints": {
              "additionalProperties": true
            }
          },
          "entities": {
            "type": [
              "array"
            ],
            "required": true,
            "enum": null,
            "constraints": {
              "additionalProperties": true
            }
          },
          "entities[]": {
            "type": [
              "object"
            ],
            "required": false,
            "enum": null,
            "constraints": {
              "additionalProperties": true
            }
          },
          "entities[].entityType": {
            "type": [
              "string"
            ],
            "required": true,
            "enum": null,
            "constraints": {
              "additionalProperties": true
            }
          },
          "entities[].name": {
            "type": [
              "string"
            ],
            "required": true,
            "enum": null,
            "constraints": {
              "additionalProperties": true
            }
          },
          "entities[].observations": {
            "type": [
              "array"
            ],
            "required": true,
            "enum": null,
            "constraints": {
              "additionalProperties": true
            }
          },
          "entities[].observations[]": {
            "type": [
              "string"
            ],
            "required": false,
            "enum": null,
            "constraints": {
              "additionalProperties": true
            }
          }
        }
      },
      "annotations_hash": "sha256:74234e98afe7498fb5daf1f36ac2d78acc339464f950703b8c019892f982b90b",
      "output_schema_hash": "sha256:69d0a98c9c47b02782d7e7933246ab1e0608b6394f93a862e81f9bf1a0e4491c",
      "output_schema_skeleton": {
        "props": {
          "$root": {
            "type": [
              "object"
            ],
            "required": false,
            "enum": null,
            "constraints": {
              "additionalProperties": false
            }
          },
          "entities": {
            "type": [
              "array"
            ],
            "required": true,
            "enum": null,
            "constraints": {
              "additionalProperties": true
            }
          },
          "entities[]": {
            "type": [
              "object"
            ],
            "required": false,
            "enum": null,
            "constraints": {
              "additionalProperties": false
            }
          },
          "entities[].entityType": {
            "type": [
              "string"
            ],
            "required": true,
            "enum": null,
            "constraints": {
              "additionalProperties": true
            }
          },
          "entities[].name": {
            "type": [
              "string"
            ],
            "required": true,
            "enum": null,
            "constraints": {
              "additionalProperties": true
            }
          },
          "entities[].observations": {
            "type": [
              "array"
            ],
            "required": true,
            "enum": null,
            "constraints": {
              "additionalProperties": true
            }
          },
          "entities[].observations[]": {
            "type": [
              "string"
            ],
            "required": false,
            "enum": null,
            "constraints": {
              "additionalProperties": true
            }
          }
        }
      },
      "entry_digest": "sha256:5510f7f453a489541ff9326a1b01f399fd02295700252a02c2b3e9a67a31e305"
    },
    {
      "name": "create_relations",
      "description_hash": "sha256:e2dd4540b9030148fe495bef81941f9524224115944a44a27a1b24c7b22054c1",
      "input_schema_hash": "sha256:5df4fdc93cbf199dff73ccc802d5cca510bd37eb7d99e0949fc0a17b261a65d3",
      "capabilities": [],
      "schema_skeleton": {
        "props": {
          "$root": {
            "type": [
              "object"
            ],
            "required": false,
            "enum": null,
            "constraints": {
              "additionalProperties": true
            }
          },
          "relations": {
            "type": [
              "array"
            ],
            "required": true,
            "enum": null,
            "constraints": {
              "additionalProperties": true
            }
          },
          "relations[]": {
            "type": [
              "object"
            ],
            "required": false,
            "enum": null,
            "constraints": {
              "additionalProperties": true
            }
          },
          "relations[].from": {
            "type": [
              "string"
            ],
            "required": true,
            "enum": null,
            "constraints": {
              "additionalProperties": true
            }
          },
          "relations[].relationType": {
            "type": [
              "string"
            ],
            "required": true,
            "enum": null,
            "constraints": {
              "additionalProperties": true
            }
          },
          "relations[].to": {
            "type": [
              "string"
            ],
            "required": true,
            "enum": null,
            "constraints": {
              "additionalProperties": true
            }
          }
        }
      },
      "annotations_hash": "sha256:74234e98afe7498fb5daf1f36ac2d78acc339464f950703b8c019892f982b90b",
      "output_schema_hash": "sha256:e08835c944f747c9202c316eb7c8fa583dfd4d9c8a0f29b7d2b64e7ab059daea",
      "output_schema_skeleton": {
        "props": {
          "$root": {
            "type": [
              "object"
            ],
            "required": false,
            "enum": null,
            "constraints": {
              "additionalProperties": false
            }
          },
          "relations": {
            "type": [
              "array"
            ],
            "required": true,
            "enum": null,
            "constraints": {
              "additionalProperties": true
            }
          },
          "relations[]": {
            "type": [
              "object"
            ],
            "required": false,
            "enum": null,
            "constraints": {
              "additionalProperties": false
            }
          },
          "relations[].from": {
            "type": [
              "string"
            ],
            "required": true,
            "enum": null,
            "constraints": {
              "additionalProperties": true
            }
          },
          "relations[].relationType": {
            "type": [
              "string"
            ],
            "required": true,
            "enum": null,
            "constraints": {
              "additionalProperties": true
            }
          },
          "relations[].to": {
            "type": [
              "string"
            ],
            "required": true,
            "enum": null,
            "constraints": {
              "additionalProperties": true
            }
          }
        }
      },
      "entry_digest": "sha256:663d314e670bf13e7e1ba674abd399e1880c4058656b589174c09b412db3efe2"
    },
    {
      "name": "delete_entities",
      "description_hash": "sha256:086222eb6cb791391cb6ad23a4edca11ec2879f4fa993c079ae8906113fd05a6",
      "input_schema_hash": "sha256:a1bac527df1c3bd311c9c2bf2e9a9cf8ae5e266b690bd6c97d4a62e4af2dc731",
      "capabilities": [],
      "schema_skeleton": {
        "props": {
          "$root": {
            "type": [
              "object"
            ],
            "required": false,
            "enum": null,
            "constraints": {
              "additionalProperties": true
            }
          },
          "entityNames": {
            "type": [
              "array"
            ],
            "required": true,
            "enum": null,
            "constraints": {
              "additionalProperties": true
            }
          },
          "entityNames[]": {
            "type": [
              "string"
            ],
            "required": false,
            "enum": null,
            "constraints": {
              "additionalProperties": true
            }
          }
        }
      },
      "annotations_hash": "sha256:74234e98afe7498fb5daf1f36ac2d78acc339464f950703b8c019892f982b90b",
      "output_schema_hash": "sha256:63668c025b3b06891519aa283e0a1a7c29822865cda9308585b4d8a0d72dd553",
      "output_schema_skeleton": {
        "props": {
          "$root": {
            "type": [
              "object"
            ],
            "required": false,
            "enum": null,
            "constraints": {
              "additionalProperties": false
            }
          },
          "message": {
            "type": [
              "string"
            ],
            "required": true,
            "enum": null,
            "constraints": {
              "additionalProperties": true
            }
          },
          "success": {
            "type": [
              "boolean"
            ],
            "required": true,
            "enum": null,
            "constraints": {
              "additionalProperties": true
            }
          }
        }
      },
      "entry_digest": "sha256:cf2127372189b68a3ee2987124be38b34ca8ba59cafcb4ba0c0fdb019af72641"
    },
    {
      "name": "delete_observations",
      "description_hash": "sha256:30ffb2113bd8f0f022ccbb7a31d2ca610b5bb961cfd2677c4ebe492fc8f5fc97",
      "input_schema_hash": "sha256:6b96624fc9e8cfbb92d8c7672e16fe06218216634815f892c8027cf7162f8ea7",
      "capabilities": [],
      "schema_skeleton": {
        "props": {
          "$root": {
            "type": [
              "object"
            ],
            "required": false,
            "enum": null,
            "constraints": {
              "additionalProperties": true
            }
          },
          "deletions": {
            "type": [
              "array"
            ],
            "required": true,
            "enum": null,
            "constraints": {
              "additionalProperties": true
            }
          },
          "deletions[]": {
            "type": [
              "object"
            ],
            "required": false,
            "enum": null,
            "constraints": {
              "additionalProperties": true
            }
          },
          "deletions[].entityName": {
            "type": [
              "string"
            ],
            "required": true,
            "enum": null,
            "constraints": {
              "additionalProperties": true
            }
          },
          "deletions[].observations": {
            "type": [
              "array"
            ],
            "required": true,
            "enum": null,
            "constraints": {
              "additionalProperties": true
            }
          },
          "deletions[].observations[]": {
            "type": [
              "string"
            ],
            "required": false,
            "enum": null,
            "constraints": {
              "additionalProperties": true
            }
          }
        }
      },
      "annotations_hash": "sha256:74234e98afe7498fb5daf1f36ac2d78acc339464f950703b8c019892f982b90b",
      "output_schema_hash": "sha256:63668c025b3b06891519aa283e0a1a7c29822865cda9308585b4d8a0d72dd553",
      "output_schema_skeleton": {
        "props": {
          "$root": {
            "type": [
              "object"
            ],
            "required": false,
            "enum": null,
            "constraints": {
              "additionalProperties": false
            }
          },
          "message": {
            "type": [
              "string"
            ],
            "required": true,
            "enum": null,
            "constraints": {
              "additionalProperties": true
            }
          },
          "success": {
            "type": [
              "boolean"
            ],
            "required": true,
            "enum": null,
            "constraints": {
              "additionalProperties": true
            }
          }
        }
      },
      "entry_digest": "sha256:878ba19cc377fa65683643a9cf3c1f2444a381423129eae2b6c3e5b1e81546c4"
    },
    {
      "name": "delete_relations",
      "description_hash": "sha256:ee6a0e5cd6554a9a84afd7fe11f50a474aec5c3fa0e989d431abcaa078144f37",
      "input_schema_hash": "sha256:17985b44074691e832f8548bf2efc55af3256f9c52d3398c8ddc20141f2b0697",
      "capabilities": [],
      "schema_skeleton": {
        "props": {
          "$root": {
            "type": [
              "object"
            ],
            "required": false,
            "enum": null,
            "constraints": {
              "additionalProperties": true
            }
          },
          "relations": {
            "type": [
              "array"
            ],
            "required": true,
            "enum": null,
            "constraints": {
              "additionalProperties": true
            }
          },
          "relations[]": {
            "type": [
              "object"
            ],
            "required": false,
            "enum": null,
            "constraints": {
              "additionalProperties": true
            }
          },
          "relations[].from": {
            "type": [
              "string"
            ],
            "required": true,
            "enum": null,
            "constraints": {
              "additionalProperties": true
            }
          },
          "relations[].relationType": {
            "type": [
              "string"
            ],
            "required": true,
            "enum": null,
            "constraints": {
              "additionalProperties": true
            }
          },
          "relations[].to": {
            "type": [
              "string"
            ],
            "required": true,
            "enum": null,
            "constraints": {
              "additionalProperties": true
            }
          }
        }
      },
      "annotations_hash": "sha256:74234e98afe7498fb5daf1f36ac2d78acc339464f950703b8c019892f982b90b",
      "output_schema_hash": "sha256:63668c025b3b06891519aa283e0a1a7c29822865cda9308585b4d8a0d72dd553",
      "output_schema_skeleton": {
        "props": {
          "$root": {
            "type": [
              "object"
            ],
            "required": false,
            "enum": null,
            "constraints": {
              "additionalProperties": false
            }
          },
          "message": {
            "type": [
              "string"
            ],
            "required": true,
            "enum": null,
            "constraints": {
              "additionalProperties": true
            }
          },
          "success": {
            "type": [
              "boolean"
            ],
            "required": true,
            "enum": null,
            "constraints": {
              "additionalProperties": true
            }
          }
        }
      },
      "entry_digest": "sha256:561df016fc0c3093f22a294e1a34a2e0dd9246da5a3bd3db8d7d838afdccc887"
    },
    {
      "name": "open_nodes",
      "description_hash": "sha256:d4df7ff09e4b7e42a029d505efe4b8881e10f24f16ca9e33c5f3c3cea6484e48",
      "input_schema_hash": "sha256:70aeb8f52abf632f4798453c1b731e1b3e0c8f967e1fdbfb4b00a8d193e5a1c0",
      "capabilities": [],
      "schema_skeleton": {
        "props": {
          "$root": {
            "type": [
              "object"
            ],
            "required": false,
            "enum": null,
            "constraints": {
              "additionalProperties": true
            }
          },
          "names": {
            "type": [
              "array"
            ],
            "required": true,
            "enum": null,
            "constraints": {
              "additionalProperties": true
            }
          },
          "names[]": {
            "type": [
              "string"
            ],
            "required": false,
            "enum": null,
            "constraints": {
              "additionalProperties": true
            }
          }
        }
      },
      "annotations_hash": "sha256:74234e98afe7498fb5daf1f36ac2d78acc339464f950703b8c019892f982b90b",
      "output_schema_hash": "sha256:b9d498d6e8a81d411860e12b23145781b1487d0f70ac9f20e9ee4e40597dcde5",
      "output_schema_skeleton": {
        "props": {
          "$root": {
            "type": [
              "object"
            ],
            "required": false,
            "enum": null,
            "constraints": {
              "additionalProperties": false
            }
          },
          "entities": {
            "type": [
              "array"
            ],
            "required": true,
            "enum": null,
            "constraints": {
              "additionalProperties": true
            }
          },
          "entities[]": {
            "type": [
              "object"
            ],
            "required": false,
            "enum": null,
            "constraints": {
              "additionalProperties": false
            }
          },
          "entities[].entityType": {
            "type": [
              "string"
            ],
            "required": true,
            "enum": null,
            "constraints": {
              "additionalProperties": true
            }
          },
          "entities[].name": {
            "type": [
              "string"
            ],
            "required": true,
            "enum": null,
            "constraints": {
              "additionalProperties": true
            }
          },
          "entities[].observations": {
            "type": [
              "array"
            ],
            "required": true,
            "enum": null,
            "constraints": {
              "additionalProperties": true
            }
          },
          "entities[].observations[]": {
            "type": [
              "string"
            ],
            "required": false,
            "enum": null,
            "constraints": {
              "additionalProperties": true
            }
          },
          "relations": {
            "type": [
              "array"
            ],
            "required": true,
            "enum": null,
            "constraints": {
              "additionalProperties": true
            }
          },
          "relations[]": {
            "type": [
              "object"
            ],
            "required": false,
            "enum": null,
            "constraints": {
              "additionalProperties": false
            }
          },
          "relations[].from": {
            "type": [
              "string"
            ],
            "required": true,
            "enum": null,
            "constraints": {
              "additionalProperties": true
            }
          },
          "relations[].relationType": {
            "type": [
              "string"
            ],
            "required": true,
            "enum": null,
            "constraints": {
              "additionalProperties": true
            }
          },
          "relations[].to": {
            "type": [
              "string"
            ],
            "required": true,
            "enum": null,
            "constraints": {
              "additionalProperties": true
            }
          }
        }
      },
      "entry_digest": "sha256:69ef6f8b6f6592c934347f64bc2740c48dc9ee48b03b739f96fe86117d3fd10d"
    },
    {
      "name": "read_graph",
      "description_hash": "sha256:9701aab08ebf30e3248ebf4cfb80b17ff537834c2ccb4edbfeb24a48e5e42875",
      "input_schema_hash": "sha256:7a014b717a77aac971ea0ab5c0ff47bb13e6cae7ef9442d9dedb15ce36381b15",
      "capabilities": [],
      "schema_skeleton": {
        "props": {
          "$root": {
            "type": [
              "object"
            ],
            "required": false,
            "enum": null,
            "constraints": {
              "additionalProperties": true
            }
          }
        }
      },
      "annotations_hash": "sha256:74234e98afe7498fb5daf1f36ac2d78acc339464f950703b8c019892f982b90b",
      "output_schema_hash": "sha256:b9d498d6e8a81d411860e12b23145781b1487d0f70ac9f20e9ee4e40597dcde5",
      "output_schema_skeleton": {
        "props": {
          "$root": {
            "type": [
              "object"
            ],
            "required": false,
            "enum": null,
            "constraints": {
              "additionalProperties": false
            }
          },
          "entities": {
            "type": [
              "array"
            ],
            "required": true,
            "enum": null,
            "constraints": {
              "additionalProperties": true
            }
          },
          "entities[]": {
            "type": [
              "object"
            ],
            "required": false,
            "enum": null,
            "constraints": {
              "additionalProperties": false
            }
          },
          "entities[].entityType": {
            "type": [
              "string"
            ],
            "required": true,
            "enum": null,
            "constraints": {
              "additionalProperties": true
            }
          },
          "entities[].name": {
            "type": [
              "string"
            ],
            "required": true,
            "enum": null,
            "constraints": {
              "additionalProperties": true
            }
          },
          "entities[].observations": {
            "type": [
              "array"
            ],
            "required": true,
            "enum": null,
            "constraints": {
              "additionalProperties": true
            }
          },
          "entities[].observations[]": {
            "type": [
              "string"
            ],
            "required": false,
            "enum": null,
            "constraints": {
              "additionalProperties": true
            }
          },
          "relations": {
            "type": [
              "array"
            ],
            "required": true,
            "enum": null,
            "constraints": {
              "additionalProperties": true
            }
          },
          "relations[]": {
            "type": [
              "object"
            ],
            "required": false,
            "enum": null,
            "constraints": {
              "additionalProperties": false
            }
          },
          "relations[].from": {
            "type": [
              "string"
            ],
            "required": true,
            "enum": null,
            "constraints": {
              "additionalProperties": true
            }
          },
          "relations[].relationType": {
            "type": [
              "string"
            ],
            "required": true,
            "enum": null,
            "constraints": {
              "additionalProperties": true
            }
          },
          "relations[].to": {
            "type": [
              "string"
            ],
            "required": true,
            "enum": null,
            "constraints": {
              "additionalProperties": true
            }
          }
        }
      },
      "entry_digest": "sha256:8a68dd1367e11c5c6a66c444cfdb3bc2f40591dda53ef3e50294e2da280f92d9"
    },
    {
      "name": "search_nodes",
      "description_hash": "sha256:17d75cae4af864a9fcc3adf96f9d209af1f758cf6849e3cb4088b3f1786b6631",
      "input_schema_hash": "sha256:71205bf235256b270ba5b0e20bdc6729c241f73ac81828077c76630fbcbaf6b6",
      "capabilities": [
        "sql-query"
      ],
      "schema_skeleton": {
        "props": {
          "$root": {
            "type": [
              "object"
            ],
            "required": false,
            "enum": null,
            "constraints": {
              "additionalProperties": true
            }
          },
          "query": {
            "type": [
              "string"
            ],
            "required": true,
            "enum": null,
            "constraints": {
              "additionalProperties": true
            }
          }
        }
      },
      "annotations_hash": "sha256:74234e98afe7498fb5daf1f36ac2d78acc339464f950703b8c019892f982b90b",
      "output_schema_hash": "sha256:b9d498d6e8a81d411860e12b23145781b1487d0f70ac9f20e9ee4e40597dcde5",
      "output_schema_skeleton": {
        "props": {
          "$root": {
            "type": [
              "object"
            ],
            "required": false,
            "enum": null,
            "constraints": {
              "additionalProperties": false
            }
          },
          "entities": {
            "type": [
              "array"
            ],
            "required": true,
            "enum": null,
            "constraints": {
              "additionalProperties": true
            }
          },
          "entities[]": {
            "type": [
              "object"
            ],
            "required": false,
            "enum": null,
            "constraints": {
              "additionalProperties": false
            }
          },
          "entities[].entityType": {
            "type": [
              "string"
            ],
            "required": true,
            "enum": null,
            "constraints": {
              "additionalProperties": true
            }
          },
          "entities[].name": {
            "type": [
              "string"
            ],
            "required": true,
            "enum": null,
            "constraints": {
              "additionalProperties": true
            }
          },
          "entities[].observations": {
            "type": [
              "array"
            ],
            "required": true,
            "enum": null,
            "constraints": {
              "additionalProperties": true
            }
          },
          "entities[].observations[]": {
            "type": [
              "string"
            ],
            "required": false,
            "enum": null,
            "constraints": {
              "additionalProperties": true
            }
          },
          "relations": {
            "type": [
              "array"
            ],
            "required": true,
            "enum": null,
            "constraints": {
              "additionalProperties": true
            }
          },
          "relations[]": {
            "type": [
              "object"
            ],
            "required": false,
            "enum": null,
            "constraints": {
              "additionalProperties": false
            }
          },
          "relations[].from": {
            "type": [
              "string"
            ],
            "required": true,
            "enum": null,
            "constraints": {
              "additionalProperties": true
            }
          },
          "relations[].relationType": {
            "type": [
              "string"
            ],
            "required": true,
            "enum": null,
            "constraints": {
              "additionalProperties": true
            }
          },
          "relations[].to": {
            "type": [
              "string"
            ],
            "required": true,
            "enum": null,
            "constraints": {
              "additionalProperties": true
            }
          }
        }
      },
      "entry_digest": "sha256:37e41da2ee680bc3ceda6e241e17e081fe3d588bccd454125dc1b79f00b6a72c"
    }
  ],
  "resources": [],
  "prompts": [],
  "findings": [
    {
      "rule_id": "WRD-CAP-SQL",
      "severity": "high",
      "target": "tools/search_nodes",
      "message": "Tool derives capability 'sql-query' (property 'query')",
      "snippet": "property 'query'"
    }
  ],
  "overall_digest": "sha256:f8dfe8da6ca9a4103887c9e8a8f3014b3d652a27debe1560fa5744102ab923ab",
  "pin": {
    "created_at": "2026-10-02T02:57:56Z",
    "warden_version": "1.2.0",
    "mcp_protocol_version": "2025-11-25",
    "approved": true,
    "approver": "examples@mcp-warden.invalid",
    "approved_at": "2026-10-02T02:57:56Z",
    "approved_digest": "sha256:f8dfe8da6ca9a4103887c9e8a8f3014b3d652a27debe1560fa5744102ab923ab",
    "provenance_version": 1,
    "pinner": {
      "tool": "mcp-warden",
      "tool_version": "1.2.0",
      "actor": null,
      "environment": null
    },
    "attestations": [
      {
        "actor": "examples@mcp-warden.invalid",
        "role": "approver",
        "method": "manual",
        "created_at": "2026-10-02T02:57:56Z",
        "bound_digest": "sha256:f8dfe8da6ca9a4103887c9e8a8f3014b3d652a27debe1560fa5744102ab923ab",
        "note": null,
        "signature_bundle": null
      }
    ],
    "rotated_at": null,
    "rotation_count": 0
  }
}
