{
  "schema_version": 4,
  "warden_version": "1.2.0",
  "server": {
    "command": "python",
    "args": [
      "tests/fixtures/clean_server.py"
    ],
    "url": null,
    "command_digest": "sha256:db5131f204944f8a4d13cba802e2a47c576c3932b0eaff0fc0304bba7795904c"
  },
  "tools": [
    {
      "name": "list_dir",
      "description_hash": "sha256:86ffef9c802f84e109f8e4ffba6d5dbd379eb1366d427bd5cb46e77ae1f24e3f",
      "input_schema_hash": "sha256:923b083c9bcab2e3d3e07c7d9b4401688ad9f3d5e2c2f0c48fcd43052bdcb71b",
      "capabilities": [
        "fs-read"
      ],
      "schema_skeleton": {
        "props": {
          "$root": {
            "type": [
              "object"
            ],
            "required": false,
            "enum": null,
            "constraints": {
              "additionalProperties": true
            }
          },
          "path": {
            "type": [
              "string"
            ],
            "required": true,
            "enum": null,
            "constraints": {
              "additionalProperties": true
            }
          }
        }
      },
      "annotations_hash": "sha256:74234e98afe7498fb5daf1f36ac2d78acc339464f950703b8c019892f982b90b",
      "output_schema_hash": "sha256:74234e98afe7498fb5daf1f36ac2d78acc339464f950703b8c019892f982b90b",
      "output_schema_skeleton": null,
      "entry_digest": "sha256:a5878781086596122bad370e739dadc591856844fde379ce4b5081b3623df219"
    },
    {
      "name": "read_file",
      "description_hash": "sha256:66c8359ee4b07085ddc3ff6169eef8f15add705100f66c28ca384c0fff9963e1",
      "input_schema_hash": "sha256:49430b90983ed64ed10b24073294a1559a487be5a32fe780b93f67c308184e13",
      "capabilities": [
        "fs-read"
      ],
      "schema_skeleton": {
        "props": {
          "$root": {
            "type": [
              "object"
            ],
            "required": false,
            "enum": null,
            "constraints": {
              "additionalProperties": true
            }
          },
          "path": {
            "type": [
              "string"
            ],
            "required": true,
            "enum": null,
            "constraints": {
              "additionalProperties": true
            }
          }
        }
      },
      "annotations_hash": "sha256:74234e98afe7498fb5daf1f36ac2d78acc339464f950703b8c019892f982b90b",
      "output_schema_hash": "sha256:74234e98afe7498fb5daf1f36ac2d78acc339464f950703b8c019892f982b90b",
      "output_schema_skeleton": null,
      "entry_digest": "sha256:06a11d6872a89f3182f92b9fed40f39056b908fe192098199221a3cfbb403bf0"
    }
  ],
  "resources": [
    {
      "uri": "file:///etc/motd",
      "name": "motd",
      "description_hash": "sha256:14ec0d6ac27d5638dc9616a064e386f712012886fa96aa756c8cd623bb966e89",
      "mime_type": "text/plain",
      "entry_digest": "sha256:911504f35d7216273f99671ab467220b49d527f5be56a538b06b49308e67ebc8"
    }
  ],
  "prompts": [
    {
      "name": "summarize",
      "description_hash": "sha256:6740f991cded1943c70e3bf53ead9f3dcbd6d201e5bc833bbe0a781f454d273d",
      "arguments_hash": "sha256:c5dbdde6b9ec63a025c51567c4c33496f7dffc2b415b03cd8467d1ded44493ae",
      "entry_digest": "sha256:a3214cdc0ac5cf658451d52b81aa4f23b4a3b038042d5a2d9635e71f35624945"
    }
  ],
  "findings": [
    {
      "rule_id": "WRD-CAP-FS-READ",
      "severity": "medium",
      "target": "tools/list_dir",
      "message": "Tool derives capability 'fs-read' (name token 'list')",
      "snippet": "name token 'list'"
    },
    {
      "rule_id": "WRD-CAP-FS-READ",
      "severity": "medium",
      "target": "tools/read_file",
      "message": "Tool derives capability 'fs-read' (name token 'read')",
      "snippet": "name token 'read'"
    }
  ],
  "overall_digest": "sha256:5d7b40f00837bb8747701e81ac9f17db6ad96a17208c84b018227a7456719be9",
  "pin": {
    "created_at": "2026-10-02T02:32:29Z",
    "warden_version": "1.2.0",
    "mcp_protocol_version": "2025-11-25",
    "approved": true,
    "approver": "ci-bot@example.invalid",
    "approved_at": "2026-10-02T02:32:29Z",
    "approved_digest": "sha256:5d7b40f00837bb8747701e81ac9f17db6ad96a17208c84b018227a7456719be9",
    "provenance_version": 1,
    "pinner": {
      "tool": "mcp-warden",
      "tool_version": "1.2.0",
      "actor": null,
      "environment": null
    },
    "attestations": [
      {
        "actor": "ci-bot@example.invalid",
        "role": "approver",
        "method": "manual",
        "created_at": "2026-10-02T02:32:29Z",
        "bound_digest": "sha256:5d7b40f00837bb8747701e81ac9f17db6ad96a17208c84b018227a7456719be9",
        "note": null,
        "signature_bundle": null
      }
    ],
    "rotated_at": null,
    "rotation_count": 0
  }
}
