{
  "schema_version": 4,
  "warden_version": "1.2.0",
  "server": {
    "command": "npx",
    "args": [
      "-y",
      "@modelcontextprotocol/server-sequential-thinking@2025.12.18"
    ],
    "url": null,
    "command_digest": "sha256:96a06b285fe3292c53860204b94bcadfe7ce68fbd79bd77baee6eaaf41111d6d"
  },
  "tools": [
    {
      "name": "sequentialthinking",
      "description_hash": "sha256:c0e7d6fa7a318b31cc428cc694acc1f1a93ac3c85807fb2bbeecc10ba82939a0",
      "input_schema_hash": "sha256:bc2bcac34793982f4be4d766c6155aab9ed2c63758adadb6a1a38becf548ad59",
      "capabilities": [],
      "schema_skeleton": {
        "props": {
          "$root": {
            "type": [
              "object"
            ],
            "required": false,
            "enum": null,
            "constraints": {
              "additionalProperties": true
            }
          },
          "branchFromThought": {
            "type": [
              "integer"
            ],
            "required": false,
            "enum": null,
            "constraints": {
              "additionalProperties": true,
              "maximum": 9007199254740991,
              "minimum": 1
            }
          },
          "branchId": {
            "type": [
              "string"
            ],
            "required": false,
            "enum": null,
            "constraints": {
              "additionalProperties": true
            }
          },
          "isRevision": {
            "type": [
              "boolean"
            ],
            "required": false,
            "enum": null,
            "constraints": {
              "additionalProperties": true
            }
          },
          "needsMoreThoughts": {
            "type": [
              "boolean"
            ],
            "required": false,
            "enum": null,
            "constraints": {
              "additionalProperties": true
            }
          },
          "nextThoughtNeeded": {
            "type": [
              "boolean"
            ],
            "required": true,
            "enum": null,
            "constraints": {
              "additionalProperties": true
            }
          },
          "revisesThought": {
            "type": [
              "integer"
            ],
            "required": false,
            "enum": null,
            "constraints": {
              "additionalProperties": true,
              "maximum": 9007199254740991,
              "minimum": 1
            }
          },
          "thought": {
            "type": [
              "string"
            ],
            "required": true,
            "enum": null,
            "constraints": {
              "additionalProperties": true
            }
          },
          "thoughtNumber": {
            "type": [
              "integer"
            ],
            "required": true,
            "enum": null,
            "constraints": {
              "additionalProperties": true,
              "maximum": 9007199254740991,
              "minimum": 1
            }
          },
          "totalThoughts": {
            "type": [
              "integer"
            ],
            "required": true,
            "enum": null,
            "constraints": {
              "additionalProperties": true,
              "maximum": 9007199254740991,
              "minimum": 1
            }
          }
        }
      },
      "annotations_hash": "sha256:74234e98afe7498fb5daf1f36ac2d78acc339464f950703b8c019892f982b90b",
      "output_schema_hash": "sha256:b157dfbca04cf3213646a212215d93d3e049b333e61643eb5c7a9c628979ac30",
      "output_schema_skeleton": {
        "props": {
          "$root": {
            "type": [
              "object"
            ],
            "required": false,
            "enum": null,
            "constraints": {
              "additionalProperties": false
            }
          },
          "branches": {
            "type": [
              "array"
            ],
            "required": true,
            "enum": null,
            "constraints": {
              "additionalProperties": true
            }
          },
          "branches[]": {
            "type": [
              "string"
            ],
            "required": false,
            "enum": null,
            "constraints": {
              "additionalProperties": true
            }
          },
          "nextThoughtNeeded": {
            "type": [
              "boolean"
            ],
            "required": true,
            "enum": null,
            "constraints": {
              "additionalProperties": true
            }
          },
          "thoughtHistoryLength": {
            "type": [
              "number"
            ],
            "required": true,
            "enum": null,
            "constraints": {
              "additionalProperties": true
            }
          },
          "thoughtNumber": {
            "type": [
              "number"
            ],
            "required": true,
            "enum": null,
            "constraints": {
              "additionalProperties": true
            }
          },
          "totalThoughts": {
            "type": [
              "number"
            ],
            "required": true,
            "enum": null,
            "constraints": {
              "additionalProperties": true
            }
          }
        }
      },
      "entry_digest": "sha256:04d37aae84ad9914578d20f64782469b62cd0967175c7040746a57f2374a0447"
    }
  ],
  "resources": [],
  "prompts": [],
  "findings": [
    {
      "rule_id": "WRD-SEC-ENTROPY",
      "severity": "high",
      "target": "launch/command",
      "message": "WRD-SEC-ENTROPY: high-entropy token (possible secret)",
      "snippet": "mode…(len=47)"
    }
  ],
  "overall_digest": "sha256:c635c79cc9382a28736668b7b7d4a2f75a752e951d95f1affa434ed1b24b6b80",
  "pin": {
    "created_at": "2026-10-02T02:57:57Z",
    "warden_version": "1.2.0",
    "mcp_protocol_version": "2025-11-25",
    "approved": true,
    "approver": "examples@mcp-warden.invalid",
    "approved_at": "2026-10-02T02:57:57Z",
    "approved_digest": "sha256:c635c79cc9382a28736668b7b7d4a2f75a752e951d95f1affa434ed1b24b6b80",
    "provenance_version": 1,
    "pinner": {
      "tool": "mcp-warden",
      "tool_version": "1.2.0",
      "actor": null,
      "environment": null
    },
    "attestations": [
      {
        "actor": "examples@mcp-warden.invalid",
        "role": "approver",
        "method": "manual",
        "created_at": "2026-10-02T02:57:57Z",
        "bound_digest": "sha256:c635c79cc9382a28736668b7b7d4a2f75a752e951d95f1affa434ed1b24b6b80",
        "note": null,
        "signature_bundle": null
      }
    ],
    "rotated_at": null,
    "rotation_count": 0
  }
}
